
Microsoft Visual Studio Solution File, Format Version 12.00
# Visual Studio Version 17
VisualStudioVersion = 17.3.32819.101
MinimumVisualStudioVersion = 10.0.40219.1
Project("{FAE04EC0-301F-11D3-BF4B-00C04F79EFBC}") = "Classwork_03-27(setting up git)", "Classwork_03-27(setting up git)\Classwork_03-27(setting up git).csproj", "{B85EB1F1-2351-4F0E-A85B-50D112C4B936}"
EndProject
Global
	GlobalSection(SolutionConfigurationPlatforms) = preSolution
		Debug|Any CPU = Debug|Any CPU
		Release|Any CPU = Release|Any CPU
	EndGlobalSection
	GlobalSection(ProjectConfigurationPlatforms) = postSolution
		{B85EB1F1-2351-4F0E-A85B-50D112C4B936}.Debug|Any CPU.ActiveCfg = Debug|Any CPU
		{B85EB1F1-2351-4F0E-A85B-50D112C4B936}.Debug|Any CPU.Build.0 = Debug|Any CPU
		{B85EB1F1-2351-4F0E-A85B-50D112C4B936}.Release|Any CPU.ActiveCfg = Release|Any CPU
		{B85EB1F1-2351-4F0E-A85B-50D112C4B936}.Release|Any CPU.Build.0 = Release|Any CPU
	EndGlobalSection
	GlobalSection(SolutionProperties) = preSolution
		HideSolutionNode = FALSE
	EndGlobalSection
	GlobalSection(ExtensibilityGlobals) = postSolution
		SolutionGuid = {440F5949-2530-4C1F-9A8D-222A5156371D}
	EndGlobalSection
EndGlobal
